
Microsoft Visual Studio Solution File, Format Version 12.00
# Visual Studio Version 17
VisualStudioVersion = 17.8.34316.72
MinimumVisualStudioVersion = 10.0.40219.1
Project("{FAE04EC0-301F-11D3-BF4B-00C04F79EFBC}") = "classExercise", "classExercise.csproj", "{75C51476-BB31-46AC-8BA7-2ABFD90197B4}"
EndProject
Global
	GlobalSection(SolutionConfigurationPlatforms) = preSolution
		Debug|Any CPU = Debug|Any CPU
		Release|Any CPU = Release|Any CPU
	EndGlobalSection
	GlobalSection(ProjectConfigurationPlatforms) = postSolution
		{75C51476-BB31-46AC-8BA7-2ABFD90197B4}.Debug|Any CPU.ActiveCfg = Debug|Any CPU
		{75C51476-BB31-46AC-8BA7-2ABFD90197B4}.Debug|Any CPU.Build.0 = Debug|Any CPU
		{75C51476-BB31-46AC-8BA7-2ABFD90197B4}.Release|Any CPU.ActiveCfg = Release|Any CPU
		{75C51476-BB31-46AC-8BA7-2ABFD90197B4}.Release|Any CPU.Build.0 = Release|Any CPU
	EndGlobalSection
	GlobalSection(SolutionProperties) = preSolution
		HideSolutionNode = FALSE
	EndGlobalSection
	GlobalSection(ExtensibilityGlobals) = postSolution
		SolutionGuid = {58D382E3-9B2E-42D3-91EC-E4FE41787A12}
	EndGlobalSection
EndGlobal
